
Microsoft Visual Studio Solution File, Format Version 12.00
# Visual Studio Version 17
VisualStudioVersion = 17.0.31903.59
MinimumVisualStudioVersion = 10.0.40219.1
Project("{2150E333-8FDC-42A3-9474-1A3956D46DE8}") = "Core", "Core", "{A2CB44F4-7599-4B52-8E33-7C1995FC9E7E}"
EndProject
Project("{FAE04EC0-301F-11D3-BF4B-00C04F79EFBC}") = "UdemyCarBook.Domain", "Core\UdemyCarBook.Domain\UdemyCarBook.Domain.csproj", "{BBF1C3E7-E31A-4E3C-8EBC-BE23F3C888A7}"
EndProject
Project("{2150E333-8FDC-42A3-9474-1A3956D46DE8}") = "Infrastructure", "Infrastructure", "{4798E81A-4C05-4C67-AB60-92BF10078DA5}"
EndProject
Project("{FAE04EC0-301F-11D3-BF4B-00C04F79EFBC}") = "UdemyCarBook.Persistence", "Infrastructure\UdemyCarBook.Persistence\UdemyCarBook.Persistence.csproj", "{77AA7286-9C5B-43B8-8D26-35F3203B90EE}"
EndProject
Project("{2150E333-8FDC-42A3-9474-1A3956D46DE8}") = "Presentation", "Presentation", "{59BD2E54-5C54-4414-93E2-D5A57CD5F0DE}"
EndProject
Project("{FAE04EC0-301F-11D3-BF4B-00C04F79EFBC}") = "Udemy.CarBook.WebApi", "Presentation\Udemy.CarBook.WebApi\Udemy.CarBook.WebApi.csproj", "{3F5DA9BE-AAA4-42B9-BFBA-E094A8052667}"
EndProject
Project("{FAE04EC0-301F-11D3-BF4B-00C04F79EFBC}") = "UdemyCarBook.Application", "Core\UdemyCarBook.Application\UdemyCarBook.Application.csproj", "{6EF1FDC6-7BF1-401A-A300-7BF1896BF511}"
EndProject
Project("{2150E333-8FDC-42A3-9474-1A3956D46DE8}") = "Frontends", "Frontends", "{004F44EC-2BDC-47E9-B12D-4C22FDF893DB}"
EndProject
Project("{FAE04EC0-301F-11D3-BF4B-00C04F79EFBC}") = "WebUI", "Frontends\WebUI\WebUI.csproj", "{B5A0EE9A-4447-43BF-B80B-EE8B3EDDC144}"
EndProject
Project("{FAE04EC0-301F-11D3-BF4B-00C04F79EFBC}") = "UdemyCarBook.Dto", "Frontends\UdemyCarBook.Dto\UdemyCarBook.Dto.csproj", "{CCD76BEE-A4F4-4D44-8EB7-C952AAC96DFE}"
EndProject
Global
	GlobalSection(SolutionConfigurationPlatforms) = preSolution
		Debug|Any CPU = Debug|Any CPU
		Release|Any CPU = Release|Any CPU
	EndGlobalSection
	GlobalSection(SolutionProperties) = preSolution
		HideSolutionNode = FALSE
	EndGlobalSection
	GlobalSection(ProjectConfigurationPlatforms) = postSolution
		{BBF1C3E7-E31A-4E3C-8EBC-BE23F3C888A7}.Debug|Any CPU.ActiveCfg = Debug|Any CPU
		{BBF1C3E7-E31A-4E3C-8EBC-BE23F3C888A7}.Debug|Any CPU.Build.0 = Debug|Any CPU
		{BBF1C3E7-E31A-4E3C-8EBC-BE23F3C888A7}.Release|Any CPU.ActiveCfg = Release|Any CPU
		{BBF1C3E7-E31A-4E3C-8EBC-BE23F3C888A7}.Release|Any CPU.Build.0 = Release|Any CPU
		{77AA7286-9C5B-43B8-8D26-35F3203B90EE}.Debug|Any CPU.ActiveCfg = Debug|Any CPU
		{77AA7286-9C5B-43B8-8D26-35F3203B90EE}.Debug|Any CPU.Build.0 = Debug|Any CPU
		{77AA7286-9C5B-43B8-8D26-35F3203B90EE}.Release|Any CPU.ActiveCfg = Release|Any CPU
		{77AA7286-9C5B-43B8-8D26-35F3203B90EE}.Release|Any CPU.Build.0 = Release|Any CPU
		{3F5DA9BE-AAA4-42B9-BFBA-E094A8052667}.Debug|Any CPU.ActiveCfg = Debug|Any CPU
		{3F5DA9BE-AAA4-42B9-BFBA-E094A8052667}.Debug|Any CPU.Build.0 = Debug|Any CPU
		{3F5DA9BE-AAA4-42B9-BFBA-E094A8052667}.Release|Any CPU.ActiveCfg = Release|Any CPU
		{3F5DA9BE-AAA4-42B9-BFBA-E094A8052667}.Release|Any CPU.Build.0 = Release|Any CPU
		{6EF1FDC6-7BF1-401A-A300-7BF1896BF511}.Debug|Any CPU.ActiveCfg = Debug|Any CPU
		{6EF1FDC6-7BF1-401A-A300-7BF1896BF511}.Debug|Any CPU.Build.0 = Debug|Any CPU
		{6EF1FDC6-7BF1-401A-A300-7BF1896BF511}.Release|Any CPU.ActiveCfg = Release|Any CPU
		{6EF1FDC6-7BF1-401A-A300-7BF1896BF511}.Release|Any CPU.Build.0 = Release|Any CPU
		{B5A0EE9A-4447-43BF-B80B-EE8B3EDDC144}.Debug|Any CPU.ActiveCfg = Debug|Any CPU
		{B5A0EE9A-4447-43BF-B80B-EE8B3EDDC144}.Debug|Any CPU.Build.0 = Debug|Any CPU
		{B5A0EE9A-4447-43BF-B80B-EE8B3EDDC144}.Release|Any CPU.ActiveCfg = Release|Any CPU
		{B5A0EE9A-4447-43BF-B80B-EE8B3EDDC144}.Release|Any CPU.Build.0 = Release|Any CPU
		{CCD76BEE-A4F4-4D44-8EB7-C952AAC96DFE}.Debug|Any CPU.ActiveCfg = Debug|Any CPU
		{CCD76BEE-A4F4-4D44-8EB7-C952AAC96DFE}.Debug|Any CPU.Build.0 = Debug|Any CPU
		{CCD76BEE-A4F4-4D44-8EB7-C952AAC96DFE}.Release|Any CPU.ActiveCfg = Release|Any CPU
		{CCD76BEE-A4F4-4D44-8EB7-C952AAC96DFE}.Release|Any CPU.Build.0 = Release|Any CPU
	EndGlobalSection
	GlobalSection(NestedProjects) = preSolution
		{BBF1C3E7-E31A-4E3C-8EBC-BE23F3C888A7} = {A2CB44F4-7599-4B52-8E33-7C1995FC9E7E}
		{77AA7286-9C5B-43B8-8D26-35F3203B90EE} = {4798E81A-4C05-4C67-AB60-92BF10078DA5}
		{3F5DA9BE-AAA4-42B9-BFBA-E094A8052667} = {59BD2E54-5C54-4414-93E2-D5A57CD5F0DE}
		{6EF1FDC6-7BF1-401A-A300-7BF1896BF511} = {A2CB44F4-7599-4B52-8E33-7C1995FC9E7E}
		{B5A0EE9A-4447-43BF-B80B-EE8B3EDDC144} = {004F44EC-2BDC-47E9-B12D-4C22FDF893DB}
		{CCD76BEE-A4F4-4D44-8EB7-C952AAC96DFE} = {004F44EC-2BDC-47E9-B12D-4C22FDF893DB}
	EndGlobalSection
EndGlobal
